
Microsoft Visual Studio Solution File, Format Version 12.00
# Visual Studio Version 16
VisualStudioVersion = 16.0.30114.105
MinimumVisualStudioVersion = 10.0.40219.1
Project("{F2A71F9B-5D33-465A-A702-920D77279786}") = "Build", "build\Build.fsproj", "{5260B26C-FDA4-4D5A-B289-5206496ADFBB}"
EndProject
Project("{2150E333-8FDC-42A3-9474-1A3956D46DE8}") = "packages", "packages", "{7D2665DB-6AB9-4814-AD3E-53593BB82181}"
EndProject
Project("{F2A71F9B-5D33-465A-A702-920D77279786}") = "Glutinum.Iconify", "packages\Glutinum.Iconify\Glutinum.Iconify.fsproj", "{FB5E8888-A8C1-443B-B6C1-C290333A6933}"
EndProject
Project("{F2A71F9B-5D33-465A-A702-920D77279786}") = "Glutinum.Feliz.Iconify", "packages\Glutinum.Feliz.Iconify\Glutinum.Feliz.Iconify.fsproj", "{4F9A1B5E-E36C-47B6-805B-7383DFCB9D84}"
EndProject
Project("{F2A71F9B-5D33-465A-A702-920D77279786}") = "Tests", "tests\Tests.fsproj", "{3CB42F97-099F-44E4-90F2-BCB0DFC2FFB5}"
EndProject
Global
	GlobalSection(SolutionConfigurationPlatforms) = preSolution
		Debug|Any CPU = Debug|Any CPU
		Release|Any CPU = Release|Any CPU
	EndGlobalSection
	GlobalSection(SolutionProperties) = preSolution
		HideSolutionNode = FALSE
	EndGlobalSection
	GlobalSection(ProjectConfigurationPlatforms) = postSolution
		{5260B26C-FDA4-4D5A-B289-5206496ADFBB}.Debug|Any CPU.ActiveCfg = Debug|Any CPU
		{5260B26C-FDA4-4D5A-B289-5206496ADFBB}.Debug|Any CPU.Build.0 = Debug|Any CPU
		{5260B26C-FDA4-4D5A-B289-5206496ADFBB}.Release|Any CPU.ActiveCfg = Release|Any CPU
		{5260B26C-FDA4-4D5A-B289-5206496ADFBB}.Release|Any CPU.Build.0 = Release|Any CPU
		{FB5E8888-A8C1-443B-B6C1-C290333A6933}.Debug|Any CPU.ActiveCfg = Debug|Any CPU
		{FB5E8888-A8C1-443B-B6C1-C290333A6933}.Debug|Any CPU.Build.0 = Debug|Any CPU
		{FB5E8888-A8C1-443B-B6C1-C290333A6933}.Release|Any CPU.ActiveCfg = Release|Any CPU
		{FB5E8888-A8C1-443B-B6C1-C290333A6933}.Release|Any CPU.Build.0 = Release|Any CPU
		{4F9A1B5E-E36C-47B6-805B-7383DFCB9D84}.Debug|Any CPU.ActiveCfg = Debug|Any CPU
		{4F9A1B5E-E36C-47B6-805B-7383DFCB9D84}.Debug|Any CPU.Build.0 = Debug|Any CPU
		{4F9A1B5E-E36C-47B6-805B-7383DFCB9D84}.Release|Any CPU.ActiveCfg = Release|Any CPU
		{4F9A1B5E-E36C-47B6-805B-7383DFCB9D84}.Release|Any CPU.Build.0 = Release|Any CPU
		{3CB42F97-099F-44E4-90F2-BCB0DFC2FFB5}.Debug|Any CPU.ActiveCfg = Debug|Any CPU
		{3CB42F97-099F-44E4-90F2-BCB0DFC2FFB5}.Debug|Any CPU.Build.0 = Debug|Any CPU
		{3CB42F97-099F-44E4-90F2-BCB0DFC2FFB5}.Release|Any CPU.ActiveCfg = Release|Any CPU
		{3CB42F97-099F-44E4-90F2-BCB0DFC2FFB5}.Release|Any CPU.Build.0 = Release|Any CPU
	EndGlobalSection
	GlobalSection(NestedProjects) = preSolution
		{FB5E8888-A8C1-443B-B6C1-C290333A6933} = {7D2665DB-6AB9-4814-AD3E-53593BB82181}
		{4F9A1B5E-E36C-47B6-805B-7383DFCB9D84} = {7D2665DB-6AB9-4814-AD3E-53593BB82181}
	EndGlobalSection
EndGlobal
